
Microsoft Visual Studio Solution File, Format Version 12.00
# Visual Studio Version 16
VisualStudioVersion = 16.0.31025.194
MinimumVisualStudioVersion = 10.0.40219.1
Project("{9A19103F-16F7-4668-BE54-9A1E7A4F7556}") = "MyHealth.API.Body", "MyHealth.API.Body\MyHealth.API.Body.csproj", "{55C295EC-0349-4719-A829-CAA8040202E8}"
EndProject
Project("{FAE04EC0-301F-11D3-BF4B-00C04F79EFBC}") = "MyHealth.API.Body.UnitTests", "MyHealth.API.Body.UnitTests\MyHealth.API.Body.UnitTests.csproj", "{4097A376-67F1-4EF5-8742-01B13AC5E014}"
EndProject
Global
	GlobalSection(SolutionConfigurationPlatforms) = preSolution
		Debug|Any CPU = Debug|Any CPU
		Release|Any CPU = Release|Any CPU
	EndGlobalSection
	GlobalSection(ProjectConfigurationPlatforms) = postSolution
		{55C295EC-0349-4719-A829-CAA8040202E8}.Debug|Any CPU.ActiveCfg = Debug|Any CPU
		{55C295EC-0349-4719-A829-CAA8040202E8}.Debug|Any CPU.Build.0 = Debug|Any CPU
		{55C295EC-0349-4719-A829-CAA8040202E8}.Release|Any CPU.ActiveCfg = Release|Any CPU
		{55C295EC-0349-4719-A829-CAA8040202E8}.Release|Any CPU.Build.0 = Release|Any CPU
		{4097A376-67F1-4EF5-8742-01B13AC5E014}.Debug|Any CPU.ActiveCfg = Debug|Any CPU
		{4097A376-67F1-4EF5-8742-01B13AC5E014}.Debug|Any CPU.Build.0 = Debug|Any CPU
		{4097A376-67F1-4EF5-8742-01B13AC5E014}.Release|Any CPU.ActiveCfg = Release|Any CPU
		{4097A376-67F1-4EF5-8742-01B13AC5E014}.Release|Any CPU.Build.0 = Release|Any CPU
	EndGlobalSection
	GlobalSection(SolutionProperties) = preSolution
		HideSolutionNode = FALSE
	EndGlobalSection
	GlobalSection(ExtensibilityGlobals) = postSolution
		SolutionGuid = {DFFDC635-61D0-4864-9453-70BF3B75A489}
	EndGlobalSection
EndGlobal
